{
  "name": "building",
  "version": "1.0.0",
  "lockfileVersion": 1,
  "requires": true,
  "dependencies": {
    "debug": {
      "version": "3.1.0",
      "resolved": "https://registry.npmjs.org/debug/-/debug-3.1.0.tgz",
      "integrity": "sha512-OX8XqP7/1a9cqkxYw2yXss15f26NKWBpDXQd0/uK/KPqdQhxbPa994hnzjcE2VqQpDslf55723cKPUOGSmMY3g==",
      "requires": {
        "ms": "2.0.0"
      }
    },
    "ms": {
      "version": "2.0.0",
      "resolved": "https://registry.npmjs.org/ms/-/ms-2.0.0.tgz",
      "integrity": "sha1-VgiurfwAvmwpAd9fmGF4jeDVl8g="
    },
    "valley-module": {
      "version": "1.0.11",
      "resolved": "https://registry.npmjs.org/valley-module/-/valley-module-1.0.11.tgz",
      "integrity": "sha512-RIZZKBl/XFWHE1ublv2yYNlAZQQYugVsEtNa3sIa7ryqRhFt9Ezjs16uS990aqfEG3p7W4KfNweRaZIcm3YJWg=="
    },
    "valley-server": {
      "version": "1.0.20",
      "resolved": "https://registry.npmjs.org/valley-server/-/valley-server-1.0.20.tgz",
      "integrity": "sha512-WCwNFfY4631XJbcaRTWBNTKLO6ZZHxJIwMSxzw0tiIaHTl18jgfjieiFzFwaAz2ySfuOahISszY6rPGkg8D+Ig==",
      "requires": {
        "debug": "3.1.0",
        "valley-module": "1.0.11"
      }
    }
  }
}
